
Microsoft Visual Studio Solution File, Format Version 12.00
# Visual Studio Version 17
VisualStudioVersion = 17.0.31919.166
MinimumVisualStudioVersion = 10.0.40219.1
Project("{9A19103F-16F7-4668-BE54-9A1E7A4F7556}") = "UserTest", "UserTest\UserTest.csproj", "{7FAC2F5B-D0D0-4BEA-88C5-6A283F5C3A12}"
EndProject
Project("{9A19103F-16F7-4668-BE54-9A1E7A4F7556}") = "BusinessLogicLayer", "BusinessLogicLayer\BusinessLogicLayer.csproj", "{397217D5-E866-4722-BF6C-80A7AC85706F}"
EndProject
Project("{9A19103F-16F7-4668-BE54-9A1E7A4F7556}") = "DataAccessLayer", "DataAccessLayer\DataAccessLayer.csproj", "{08045209-C67F-4129-A08D-67DD803EF734}"
EndProject
Project("{FAE04EC0-301F-11D3-BF4B-00C04F79EFBC}") = "Interfaces", "Interfaces\Interfaces.csproj", "{C396DC70-B1AC-4561-B198-5CE27E8AD9D0}"
EndProject
Global
	GlobalSection(SolutionConfigurationPlatforms) = preSolution
		Debug|Any CPU = Debug|Any CPU
		Release|Any CPU = Release|Any CPU
	EndGlobalSection
	GlobalSection(ProjectConfigurationPlatforms) = postSolution
		{7FAC2F5B-D0D0-4BEA-88C5-6A283F5C3A12}.Debug|Any CPU.ActiveCfg = Debug|Any CPU
		{7FAC2F5B-D0D0-4BEA-88C5-6A283F5C3A12}.Debug|Any CPU.Build.0 = Debug|Any CPU
		{7FAC2F5B-D0D0-4BEA-88C5-6A283F5C3A12}.Release|Any CPU.ActiveCfg = Release|Any CPU
		{7FAC2F5B-D0D0-4BEA-88C5-6A283F5C3A12}.Release|Any CPU.Build.0 = Release|Any CPU
		{397217D5-E866-4722-BF6C-80A7AC85706F}.Debug|Any CPU.ActiveCfg = Debug|Any CPU
		{397217D5-E866-4722-BF6C-80A7AC85706F}.Debug|Any CPU.Build.0 = Debug|Any CPU
		{397217D5-E866-4722-BF6C-80A7AC85706F}.Release|Any CPU.ActiveCfg = Release|Any CPU
		{397217D5-E866-4722-BF6C-80A7AC85706F}.Release|Any CPU.Build.0 = Release|Any CPU
		{08045209-C67F-4129-A08D-67DD803EF734}.Debug|Any CPU.ActiveCfg = Debug|Any CPU
		{08045209-C67F-4129-A08D-67DD803EF734}.Debug|Any CPU.Build.0 = Debug|Any CPU
		{08045209-C67F-4129-A08D-67DD803EF734}.Release|Any CPU.ActiveCfg = Release|Any CPU
		{08045209-C67F-4129-A08D-67DD803EF734}.Release|Any CPU.Build.0 = Release|Any CPU
		{C396DC70-B1AC-4561-B198-5CE27E8AD9D0}.Debug|Any CPU.ActiveCfg = Debug|Any CPU
		{C396DC70-B1AC-4561-B198-5CE27E8AD9D0}.Debug|Any CPU.Build.0 = Debug|Any CPU
		{C396DC70-B1AC-4561-B198-5CE27E8AD9D0}.Release|Any CPU.ActiveCfg = Release|Any CPU
		{C396DC70-B1AC-4561-B198-5CE27E8AD9D0}.Release|Any CPU.Build.0 = Release|Any CPU
	EndGlobalSection
	GlobalSection(SolutionProperties) = preSolution
		HideSolutionNode = FALSE
	EndGlobalSection
	GlobalSection(ExtensibilityGlobals) = postSolution
		SolutionGuid = {220FEA85-68C2-40AC-8FA2-5D0EA707221C}
	EndGlobalSection
EndGlobal
